
Microsoft Visual Studio Solution File, Format Version 12.00
# Visual Studio Version 17
VisualStudioVersion = 17.8.34525.116
MinimumVisualStudioVersion = 10.0.40219.1
Project("{FAE04EC0-301F-11D3-BF4B-00C04F79EFBC}") = "ASP_MVC_BookShop", "ASP_MVC_BookShop.csproj", "{D541BFDD-A096-428B-A4A7-68AF06A5007E}"
EndProject
Global
	GlobalSection(SolutionConfigurationPlatforms) = preSolution
		Debug|Any CPU = Debug|Any CPU
		Release|Any CPU = Release|Any CPU
	EndGlobalSection
	GlobalSection(ProjectConfigurationPlatforms) = postSolution
		{D541BFDD-A096-428B-A4A7-68AF06A5007E}.Debug|Any CPU.ActiveCfg = Debug|Any CPU
		{D541BFDD-A096-428B-A4A7-68AF06A5007E}.Debug|Any CPU.Build.0 = Debug|Any CPU
		{D541BFDD-A096-428B-A4A7-68AF06A5007E}.Release|Any CPU.ActiveCfg = Release|Any CPU
		{D541BFDD-A096-428B-A4A7-68AF06A5007E}.Release|Any CPU.Build.0 = Release|Any CPU
	EndGlobalSection
	GlobalSection(SolutionProperties) = preSolution
		HideSolutionNode = FALSE
	EndGlobalSection
	GlobalSection(ExtensibilityGlobals) = postSolution
		SolutionGuid = {9603D372-A518-4D7C-BCF6-44A62F4809FA}
	EndGlobalSection
EndGlobal
